
Microsoft Visual Studio Solution File, Format Version 12.00
# Visual Studio Version 16
VisualStudioVersion = 16.0.29911.84
MinimumVisualStudioVersion = 10.0.40219.1
Project("{9A19103F-16F7-4668-BE54-9A1E7A4F7556}") = "GestionCartera.WEB", "Presentation.MVC\GestionCartera.WEB.csproj", "{FE82361A-4095-4AD7-9860-6B5BE43D23C2}"
EndProject
Global
	GlobalSection(SolutionConfigurationPlatforms) = preSolution
		Debug|Any CPU = Debug|Any CPU
		Release|Any CPU = Release|Any CPU
	EndGlobalSection
	GlobalSection(ProjectConfigurationPlatforms) = postSolution
		{FE82361A-4095-4AD7-9860-6B5BE43D23C2}.Debug|Any CPU.ActiveCfg = Debug|Any CPU
		{FE82361A-4095-4AD7-9860-6B5BE43D23C2}.Debug|Any CPU.Build.0 = Debug|Any CPU
		{FE82361A-4095-4AD7-9860-6B5BE43D23C2}.Release|Any CPU.ActiveCfg = Release|Any CPU
		{FE82361A-4095-4AD7-9860-6B5BE43D23C2}.Release|Any CPU.Build.0 = Release|Any CPU
	EndGlobalSection
	GlobalSection(SolutionProperties) = preSolution
		HideSolutionNode = FALSE
	EndGlobalSection
	GlobalSection(ExtensibilityGlobals) = postSolution
		SolutionGuid = {A368B0BD-36B5-4250-9DD8-888CD0D653FB}
	EndGlobalSection
EndGlobal
